<?xml version="1.0" encoding="utf-8"?>
<Project ToolsVersion="4.0" xmlns="http://schemas.microsoft.com/developer/msbuild/2003">
  <ItemGroup>
    <Filter Include="Source Files">
      <UniqueIdentifier>{4FC737F1-C7A5-4376-A066-2A32D752A2FF}</UniqueIdentifier>
      <Extensions>cpp;c;cc;cxx;c++;cppm;ixx;def;odl;idl;hpj;bat;asm;asmx</Extensions>
    </Filter>
    <Filter Include="Header Files">
      <UniqueIdentifier>{93995380-89BD-4b04-88EB-625FBE52EBFB}</UniqueIdentifier>
      <Extensions>h;hh;hpp;hxx;h++;hm;inl;inc;ipp;xsd</Extensions>
    </Filter>
    <Filter Include="Resource Files">
      <UniqueIdentifier>{67DA6AB6-F800-4c08-8B7A-83BB121AAD01}</UniqueIdentifier>
      <Extensions>rc;ico;cur;bmp;dlg;rc2;rct;bin;rgs;gif;jpg;jpeg;jpe;resx;tiff;tif;png;wav;mfcribbon-ms</Extensions>
    </Filter>
  </ItemGroup>
  <ItemGroup>
    <ClInclude Include="..\include\gf2d_draw.h">
      <Filter>Header Files</Filter>
    </ClInclude>
    <ClInclude Include="..\include\gf2d_graphics.h">
      <Filter>Header Files</Filter>
    </ClInclude>
    <ClInclude Include="..\include\gf2d_sprite.h">
      <Filter>Header Files</Filter>
    </ClInclude>
    <ClInclude Include="..\gfc\include\gfc_audio.h">
      <Filter>Header Files</Filter>
    </ClInclude>
    <ClInclude Include="..\gfc\include\gfc_callbacks.h">
      <Filter>Header Files</Filter>
    </ClInclude>
    <ClInclude Include="..\gfc\include\gfc_color.h">
      <Filter>Header Files</Filter>
    </ClInclude>
    <ClInclude Include="..\gfc\include\gfc_input.h">
      <Filter>Header Files</Filter>
    </ClInclude>
    <ClInclude Include="..\gfc\include\gfc_list.h">
      <Filter>Header Files</Filter>
    </ClInclude>
    <ClInclude Include="..\gfc\include\gfc_matrix.h">
      <Filter>Header Files</Filter>
    </ClInclude>
    <ClInclude Include="..\gfc\include\gfc_text.h">
      <Filter>Header Files</Filter>
    </ClInclude>
    <ClInclude Include="..\gfc\include\gfc_types.h">
      <Filter>Header Files</Filter>
    </ClInclude>
    <ClInclude Include="..\gfc\include\gfc_vector.h">
      <Filter>Header Files</Filter>
    </ClInclude>
    <ClInclude Include="..\gfc\simple_logger\include\simple_logger.h">
      <Filter>Header Files</Filter>
    </ClInclude>
    <ClInclude Include="..\gfc\simple_json\include\simple_json.h">
      <Filter>Header Files</Filter>
    </ClInclude>
    <ClInclude Include="..\gfc\simple_json\include\simple_json_array.h">
      <Filter>Header Files</Filter>
    </ClInclude>
    <ClInclude Include="..\gfc\simple_json\include\simple_json_error.h">
      <Filter>Header Files</Filter>
    </ClInclude>
    <ClInclude Include="..\gfc\simple_json\include\simple_json_list.h">
      <Filter>Header Files</Filter>
    </ClInclude>
    <ClInclude Include="..\gfc\simple_json\include\simple_json_object.h">
      <Filter>Header Files</Filter>
    </ClInclude>
    <ClInclude Include="..\gfc\simple_json\include\simple_json_parse.h">
      <Filter>Header Files</Filter>
    </ClInclude>
    <ClInclude Include="..\gfc\simple_json\include\simple_json_string.h">
      <Filter>Header Files</Filter>
    </ClInclude>
    <ClInclude Include="..\gfc\simple_json\include\simple_json_value.h">
      <Filter>Header Files</Filter>
    </ClInclude>
    <ClInclude Include="..\..\libs\SDL2_image-2.0.5\SDL_image.h">
      <Filter>Header Files</Filter>
    </ClInclude>
    <ClInclude Include="..\..\libs\SDL2_mixer-2.0.4\include\SDL_mixer.h">
      <Filter>Header Files</Filter>
    </ClInclude>
    <ClInclude Include="..\include\bug_ent.h">
      <Filter>Header Files</Filter>
    </ClInclude>
    <ClInclude Include="..\include\resource.h">
      <Filter>Header Files</Filter>
    </ClInclude>
    <ClInclude Include="..\include\tile_map.h">
      <Filter>Header Files</Filter>
    </ClInclude>
    <ClInclude Include="..\include\tile_set.h">
      <Filter>Header Files</Filter>
    </ClInclude>
    <ClInclude Include="..\include\collision.h">
      <Filter>Header Files</Filter>
    </ClInclude>
    <ClInclude Include="..\include\player_ent.h">
      <Filter>Header Files</Filter>
    </ClInclude>
    <ClInclude Include="..\include\collision_ent.h">
      <Filter>Header Files</Filter>
    </ClInclude>
    <ClInclude Include="..\include\univ.h">
      <Filter>Header Files</Filter>
    </ClInclude>
    <ClInclude Include="..\include\energy_attack.h">
      <Filter>Header Files</Filter>
    </ClInclude>
    <ClInclude Include="..\include\enemy.h">
      <Filter>Header Files</Filter>
    </ClInclude>
    <ClInclude Include="..\include\entity.h">
      <Filter>Header Files</Filter>
    </ClInclude>
    <ClInclude Include="..\include\ability_items.h">
      <Filter>Header Files</Filter>
    </ClInclude>
    <ClInclude Include="..\include\chipmunk\chipmunk.h">
      <Filter>Header Files</Filter>
    </ClInclude>
    <ClInclude Include="..\include\chipmunk\chipmunk_ffi.h">
      <Filter>Header Files</Filter>
    </ClInclude>
    <ClInclude Include="..\include\chipmunk\chipmunk_private.h">
      <Filter>Header Files</Filter>
    </ClInclude>
    <ClInclude Include="..\include\chipmunk\chipmunk_structs.h">
      <Filter>Header Files</Filter>
    </ClInclude>
    <ClInclude Include="..\include\chipmunk\chipmunk_types.h">
      <Filter>Header Files</Filter>
    </ClInclude>
    <ClInclude Include="..\include\chipmunk\chipmunk_unsafe.h">
      <Filter>Header Files</Filter>
    </ClInclude>
    <ClInclude Include="..\include\chipmunk\cpArbiter.h">
      <Filter>Header Files</Filter>
    </ClInclude>
    <ClInclude Include="..\include\chipmunk\cpBB.h">
      <Filter>Header Files</Filter>
    </ClInclude>
    <ClInclude Include="..\include\chipmunk\cpBody.h">
      <Filter>Header Files</Filter>
    </ClInclude>
    <ClInclude Include="..\include\chipmunk\cpConstraint.h">
      <Filter>Header Files</Filter>
    </ClInclude>
    <ClInclude Include="..\include\chipmunk\cpDampedRotarySpring.h">
      <Filter>Header Files</Filter>
    </ClInclude>
    <ClInclude Include="..\include\chipmunk\cpDampedSpring.h">
      <Filter>Header Files</Filter>
    </ClInclude>
    <ClInclude Include="..\include\chipmunk\cpGearJoint.h">
      <Filter>Header Files</Filter>
    </ClInclude>
    <ClInclude Include="..\include\chipmunk\cpGrooveJoint.h">
      <Filter>Header Files</Filter>
    </ClInclude>
    <ClInclude Include="..\include\chipmunk\cpHastySpace.h">
      <Filter>Header Files</Filter>
    </ClInclude>
    <ClInclude Include="..\include\chipmunk\cpMarch.h">
      <Filter>Header Files</Filter>
    </ClInclude>
    <ClInclude Include="..\include\chipmunk\cpPinJoint.h">
      <Filter>Header Files</Filter>
    </ClInclude>
    <ClInclude Include="..\include\chipmunk\cpPivotJoint.h">
      <Filter>Header Files</Filter>
    </ClInclude>
    <ClInclude Include="..\include\chipmunk\cpPolyline.h">
      <Filter>Header Files</Filter>
    </ClInclude>
    <ClInclude Include="..\include\chipmunk\cpPolyShape.h">
      <Filter>Header Files</Filter>
    </ClInclude>
    <ClInclude Include="..\include\chipmunk\cpRatchetJoint.h">
      <Filter>Header Files</Filter>
    </ClInclude>
    <ClInclude Include="..\include\chipmunk\cpRobust.h">
      <Filter>Header Files</Filter>
    </ClInclude>
    <ClInclude Include="..\include\chipmunk\cpRotaryLimitJoint.h">
      <Filter>Header Files</Filter>
    </ClInclude>
    <ClInclude Include="..\include\chipmunk\cpShape.h">
      <Filter>Header Files</Filter>
    </ClInclude>
    <ClInclude Include="..\include\chipmunk\cpSimpleMotor.h">
      <Filter>Header Files</Filter>
    </ClInclude>
    <ClInclude Include="..\include\chipmunk\cpSlideJoint.h">
      <Filter>Header Files</Filter>
    </ClInclude>
    <ClInclude Include="..\include\chipmunk\cpSpace.h">
      <Filter>Header Files</Filter>
    </ClInclude>
    <ClInclude Include="..\include\chipmunk\cpSpatialIndex.h">
      <Filter>Header Files</Filter>
    </ClInclude>
    <ClInclude Include="..\include\chipmunk\cpTransform.h">
      <Filter>Header Files</Filter>
    </ClInclude>
    <ClInclude Include="..\include\chipmunk\cpVect.h">
      <Filter>Header Files</Filter>
    </ClInclude>
    <ClInclude Include="..\include\smack.h">
      <Filter>Header Files</Filter>
    </ClInclude>
  </ItemGroup>
  <ItemGroup>
    <ResourceCompile Include="2D-Game-Programming.rc">
      <Filter>Resource Files</Filter>
    </ResourceCompile>
  </ItemGroup>
  <ItemGroup>
    <ClCompile Include="..\src\game.c">
      <Filter>Source Files</Filter>
    </ClCompile>
    <ClCompile Include="..\src\gf2d_draw.c">
      <Filter>Source Files</Filter>
    </ClCompile>
    <ClCompile Include="..\src\gf2d_graphics.c">
      <Filter>Source Files</Filter>
    </ClCompile>
    <ClCompile Include="..\src\gf2d_sprite.c">
      <Filter>Source Files</Filter>
    </ClCompile>
    <ClCompile Include="..\gfc\src\gfc_audio.c">
      <Filter>Source Files</Filter>
    </ClCompile>
    <ClCompile Include="..\gfc\src\gfc_callbacks.c">
      <Filter>Source Files</Filter>
    </ClCompile>
    <ClCompile Include="..\gfc\src\gfc_input.c">
      <Filter>Source Files</Filter>
    </ClCompile>
    <ClCompile Include="..\gfc\src\gfc_list.c">
      <Filter>Source Files</Filter>
    </ClCompile>
    <ClCompile Include="..\gfc\src\gfc_matrix.c">
      <Filter>Source Files</Filter>
    </ClCompile>
    <ClCompile Include="..\gfc\src\gfc_text.c">
      <Filter>Source Files</Filter>
    </ClCompile>
    <ClCompile Include="..\gfc\src\gfc_types.c">
      <Filter>Source Files</Filter>
    </ClCompile>
    <ClCompile Include="..\gfc\src\gfc_vector.c">
      <Filter>Source Files</Filter>
    </ClCompile>
    <ClCompile Include="..\gfc\simple_logger\src\simple_logger.c">
      <Filter>Source Files</Filter>
    </ClCompile>
    <ClCompile Include="..\gfc\simple_json\src\simple_json.c">
      <Filter>Source Files</Filter>
    </ClCompile>
    <ClCompile Include="..\gfc\simple_json\src\simple_json_array.c">
      <Filter>Source Files</Filter>
    </ClCompile>
    <ClCompile Include="..\gfc\simple_json\src\simple_json_error.c">
      <Filter>Source Files</Filter>
    </ClCompile>
    <ClCompile Include="..\gfc\simple_json\src\simple_json_list.c">
      <Filter>Source Files</Filter>
    </ClCompile>
    <ClCompile Include="..\gfc\simple_json\src\simple_json_object.c">
      <Filter>Source Files</Filter>
    </ClCompile>
    <ClCompile Include="..\gfc\simple_json\src\simple_json_parse.c">
      <Filter>Source Files</Filter>
    </ClCompile>
    <ClCompile Include="..\gfc\simple_json\src\simple_json_string.c">
      <Filter>Source Files</Filter>
    </ClCompile>
    <ClCompile Include="..\src\bug_ent.c">
      <Filter>Source Files</Filter>
    </ClCompile>
    <ClCompile Include="..\src\entity.c">
      <Filter>Source Files</Filter>
    </ClCompile>
    <ClCompile Include="..\src\tile_map.c">
      <Filter>Source Files</Filter>
    </ClCompile>
    <ClCompile Include="..\src\tile_set.c">
      <Filter>Source Files</Filter>
    </ClCompile>
    <ClCompile Include="..\src\collision.c">
      <Filter>Source Files</Filter>
    </ClCompile>
    <ClCompile Include="..\src\player_ent.c">
      <Filter>Source Files</Filter>
    </ClCompile>
    <ClCompile Include="..\src\collision_ent.c">
      <Filter>Source Files</Filter>
    </ClCompile>
    <ClCompile Include="..\src\energy_attack.c">
      <Filter>Source Files</Filter>
    </ClCompile>
    <ClCompile Include="..\src\enemy.c">
      <Filter>Source Files</Filter>
    </ClCompile>
    <ClCompile Include="..\src\ability_items.c">
      <Filter>Source Files</Filter>
    </ClCompile>
    <ClCompile Include="..\chipmunk\chipmunk.c">
      <Filter>Source Files</Filter>
    </ClCompile>
    <ClCompile Include="..\gfc\src\gfc_color.c">
      <Filter>Source Files</Filter>
    </ClCompile>
    <ClCompile Include="..\src\smack.c">
      <Filter>Source Files</Filter>
    </ClCompile>
  </ItemGroup>
</Project>